
Microsoft Visual Studio Solution File, Format Version 12.00
# Visual Studio Version 16
VisualStudioVersion = 16.0.30406.217
MinimumVisualStudioVersion = 10.0.40219.1
Project("{FAE04EC0-301F-11D3-BF4B-00C04F79EFBC}") = "Text_Adventure_DB_Game", "Text_Adventure_DB_Game\Text_Adventure_DB_Game.csproj", "{60EBCA3D-989C-461D-ACC2-F4E64CF1449F}"
EndProject
Global
	GlobalSection(SolutionConfigurationPlatforms) = preSolution
		Debug|Any CPU = Debug|Any CPU
		Release|Any CPU = Release|Any CPU
	EndGlobalSection
	GlobalSection(ProjectConfigurationPlatforms) = postSolution
		{60EBCA3D-989C-461D-ACC2-F4E64CF1449F}.Debug|Any CPU.ActiveCfg = Debug|Any CPU
		{60EBCA3D-989C-461D-ACC2-F4E64CF1449F}.Debug|Any CPU.Build.0 = Debug|Any CPU
		{60EBCA3D-989C-461D-ACC2-F4E64CF1449F}.Release|Any CPU.ActiveCfg = Release|Any CPU
		{60EBCA3D-989C-461D-ACC2-F4E64CF1449F}.Release|Any CPU.Build.0 = Release|Any CPU
	EndGlobalSection
	GlobalSection(SolutionProperties) = preSolution
		HideSolutionNode = FALSE
	EndGlobalSection
	GlobalSection(ExtensibilityGlobals) = postSolution
		SolutionGuid = {F793F50C-7718-41C3-BEC9-72520850E9C0}
	EndGlobalSection
EndGlobal
