
Microsoft Visual Studio Solution File, Format Version 12.00
# Visual Studio Version 16
VisualStudioVersion = 16.0.30406.217
MinimumVisualStudioVersion = 10.0.40219.1
Project("{FAE04EC0-301F-11D3-BF4B-00C04F79EFBC}") = "BookListRazor", "BookListRazor\BookListRazor.csproj", "{CFDCBBBE-BA14-4210-8266-7E9DB5EE4212}"
EndProject
Global
	GlobalSection(SolutionConfigurationPlatforms) = preSolution
		Debug|Any CPU = Debug|Any CPU
		Release|Any CPU = Release|Any CPU
	EndGlobalSection
	GlobalSection(ProjectConfigurationPlatforms) = postSolution
		{CFDCBBBE-BA14-4210-8266-7E9DB5EE4212}.Debug|Any CPU.ActiveCfg = Debug|Any CPU
		{CFDCBBBE-BA14-4210-8266-7E9DB5EE4212}.Debug|Any CPU.Build.0 = Debug|Any CPU
		{CFDCBBBE-BA14-4210-8266-7E9DB5EE4212}.Release|Any CPU.ActiveCfg = Release|Any CPU
		{CFDCBBBE-BA14-4210-8266-7E9DB5EE4212}.Release|Any CPU.Build.0 = Release|Any CPU
	EndGlobalSection
	GlobalSection(SolutionProperties) = preSolution
		HideSolutionNode = FALSE
	EndGlobalSection
	GlobalSection(ExtensibilityGlobals) = postSolution
		SolutionGuid = {28293EFB-780B-4D6A-AA23-C86D434A9941}
	EndGlobalSection
EndGlobal
